
Microsoft Visual Studio Solution File, Format Version 12.00
# Visual Studio Version 16
VisualStudioVersion = 16.0.808.2
MinimumVisualStudioVersion = 10.0.40219.1
Project("{FAE04EC0-301F-11D3-BF4B-00C04F79EFBC}") = "TodoApp", "TodoApp\TodoApp.csproj", "{92048616-82CA-4345-A473-3778BBE79D1C}"
EndProject
Project("{2150E333-8FDC-42A3-9474-1A3956D46DE8}") = "Solution Items", "Solution Items", "{21F59F3E-5954-4C5B-A9AD-D63F6174921F}"
	ProjectSection(SolutionItems) = preProject
		.gitignore = .gitignore
	EndProjectSection
EndProject
Global
	GlobalSection(SolutionConfigurationPlatforms) = preSolution
		Debug|Any CPU = Debug|Any CPU
		Release|Any CPU = Release|Any CPU
	EndGlobalSection
	GlobalSection(ProjectConfigurationPlatforms) = postSolution
		{92048616-82CA-4345-A473-3778BBE79D1C}.Debug|Any CPU.ActiveCfg = Debug|Any CPU
		{92048616-82CA-4345-A473-3778BBE79D1C}.Debug|Any CPU.Build.0 = Debug|Any CPU
		{92048616-82CA-4345-A473-3778BBE79D1C}.Release|Any CPU.ActiveCfg = Release|Any CPU
		{92048616-82CA-4345-A473-3778BBE79D1C}.Release|Any CPU.Build.0 = Release|Any CPU
	EndGlobalSection
	GlobalSection(SolutionProperties) = preSolution
		HideSolutionNode = FALSE
	EndGlobalSection
	GlobalSection(ExtensibilityGlobals) = postSolution
		SolutionGuid = {A43150EA-D5E2-4F4A-A094-EE6649F2A18B}
	EndGlobalSection
EndGlobal
